{
  "nodes": {
    "aspartame-master": {
      "inputs": {
        "flakeNimbleLib": [
          "flakeNimbleLib"
        ],
        "nixpkgs": [
          "nixpkgs"
        ],
        "src-aspartame-master": "src-aspartame-master"
      },
      "locked": {
        "dir": "master",
        "lastModified": 1667322145,
        "narHash": "sha256-HNY1YBJwLxOt+O1JwmH3Y2eNYEvKLm8euEsfxd//4Vc=",
        "owner": "nim-nix-pkgs",
        "repo": "aspartame",
        "rev": "542ff4d274c5a0e63e206c727c8a3b3edd2c33cc",
        "type": "github"
      },
      "original": {
        "dir": "master",
        "owner": "nim-nix-pkgs",
        "ref": "master",
        "repo": "aspartame",
        "type": "github"
      }
    },
    "flakeNimbleLib": {
      "inputs": {
        "nixpkgs": [
          "nixpkgs"
        ]
      },
      "locked": {
        "lastModified": 1662018438,
        "narHash": "sha256-QtNtU6+LX3Wokxf0zlFwKTFOcn6TeDjKQZ+DA9OYtvM=",
        "owner": "riinr",
        "repo": "nim-flakes-lib",
        "rev": "b1fe8340736e3a85d25c709ac3dfd82a55c03cbf",
        "type": "github"
      },
      "original": {
        "owner": "riinr",
        "ref": "master",
        "repo": "nim-flakes-lib",
        "type": "github"
      }
    },
    "nixpkgs": {
      "locked": {
        "lastModified": 1667199707,
        "narHash": "sha256-I2Js3Y7gUyVSEXPULHlBoRek4Lh85vnevdS6mdvDNLI=",
        "owner": "NixOS",
        "repo": "nixpkgs",
        "rev": "ced197be72099edcfa68ebed8b87af7b04851f45",
        "type": "github"
      },
      "original": {
        "id": "nixpkgs",
        "type": "indirect"
      }
    },
    "root": {
      "inputs": {
        "aspartame-master": "aspartame-master",
        "flakeNimbleLib": "flakeNimbleLib",
        "nixpkgs": "nixpkgs"
      }
    },
    "src-aspartame-master": {
      "flake": false,
      "locked": {
        "lastModified": 1663279437,
        "narHash": "sha256-As2XgipGXp/kUS3BbFw6WNSfGZ/S0aa/pQDlG+yWXDI=",
        "owner": "~xigoi",
        "repo": "aspartame",
        "rev": "9e8894772b3f6f12a89b0add6cf0c1dc57be4456",
        "type": "sourcehut"
      },
      "original": {
        "owner": "~xigoi",
        "ref": "master",
        "repo": "aspartame",
        "type": "sourcehut"
      }
    }
  },
  "root": "root",
  "version": 7
}
